{
  "nodes": {
    "agenix": {
      "inputs": {
        "darwin": "darwin",
        "home-manager": "home-manager",
        "nixpkgs": [
          "nixpkgs"
        ],
        "systems": "systems"
      },
      "locked": {
        "lastModified": 1762618334,
        "narHash": "sha256-wyT7Pl6tMFbFrs8Lk/TlEs81N6L+VSybPfiIgzU8lbQ=",
        "owner": "ryantm",
        "repo": "agenix",
        "rev": "fcdea223397448d35d9b31f798479227e80183f6",
        "type": "github"
      },
      "original": {
        "owner": "ryantm",
        "repo": "agenix",
        "type": "github"
      }
    },
    "bore-scheduler-src": {
      "flake": false,
      "locked": {
        "lastModified": 1763006571,
        "narHash": "sha256-irysOmkwpLmrP/jxTKlgSmvy0wkC6KJV7gtYgXkz6wI=",
        "owner": "firelzrd",
        "repo": "bore-scheduler",
        "rev": "e7f35881cae7fc387e9964c99f848cdbed54b54a",
        "type": "github"
      },
      "original": {
        "owner": "firelzrd",
        "repo": "bore-scheduler",
        "type": "github"
      }
    },
    "brew-src": {
      "flake": false,
      "locked": {
        "lastModified": 1761551821,
        "narHash": "sha256-N3Zj73TAxclhLGgADbPVwcVrhYIBKUgAxjfQuOXre6s=",
        "owner": "Homebrew",
        "repo": "brew",
        "rev": "8f6719274133c5bcc24c058c5a6bcbb3b0cd48b3",
        "type": "github"
      },
      "original": {
        "owner": "Homebrew",
        "ref": "4.6.19",
        "repo": "brew",
        "type": "github"
      }
    },
    "colorls-dracula-theme": {
      "flake": false,
      "locked": {
        "lastModified": 1646679646,
        "narHash": "sha256-+sF/xmvNVvV+O0AT471ZeePqbR2QbYvyv+OI90FkgX4=",
        "owner": "dracula",
        "repo": "colorls",
        "rev": "b8396e57df3406d231764f6561eef7d006367e18",
        "type": "github"
      },
      "original": {
        "owner": "dracula",
        "repo": "colorls",
        "type": "github"
      }
    },
    "darwin": {
      "inputs": {
        "nixpkgs": [
          "agenix",
          "nixpkgs"
        ]
      },
      "locked": {
        "lastModified": 1744478979,
        "narHash": "sha256-dyN+teG9G82G+m+PX/aSAagkC+vUv0SgUw3XkPhQodQ=",
        "owner": "lnl7",
        "repo": "nix-darwin",
        "rev": "43975d782b418ebf4969e9ccba82466728c2851b",
        "type": "github"
      },
      "original": {
        "owner": "lnl7",
        "ref": "master",
        "repo": "nix-darwin",
        "type": "github"
      }
    },
    "disko": {
      "inputs": {
        "nixpkgs": [
          "nixpkgs"
        ]
      },
      "locked": {
        "lastModified": 1764110879,
        "narHash": "sha256-xanUzIb0tf3kJ+PoOFmXEXV1jM3PjkDT/TQ5DYeNYRc=",
        "owner": "nix-community",
        "repo": "disko",
        "rev": "aecba248f9a7d68c5d1ed15de2d1c8a4c994a3c5",
        "type": "github"
      },
      "original": {
        "owner": "nix-community",
        "repo": "disko",
        "type": "github"
      }
    },
    "dracula-wallpaper": {
      "flake": false,
      "locked": {
        "lastModified": 1699895880,
        "narHash": "sha256-P0MfGkVap8wDd6eSMwmLhvQ4/7Z+pNmgY7O+qt9C1bg=",
        "owner": "dracula",
        "repo": "wallpaper",
        "rev": "f2b8cc4223bcc2dfd5f165ab80f701bbb84e3303",
        "type": "github"
      },
      "original": {
        "owner": "dracula",
        "repo": "wallpaper",
        "type": "github"
      }
    },
    "firefox-gnome-theme": {
      "flake": false,
      "locked": {
        "lastModified": 1759418614,
        "narHash": "sha256-0E3TqvXAy81qeM/jZXWWOTZ14Hs1RT7o78UyZM+Jbr4=",
        "owner": "rafaelmardojai",
        "repo": "firefox-gnome-theme",
        "rev": "afd438034bf91089cfeb9e6b5cb987bdf5442d0f",
        "type": "github"
      },
      "original": {
        "owner": "rafaelmardojai",
        "repo": "firefox-gnome-theme",
        "type": "github"
      }
    },
    "flake-parts": {
      "inputs": {
        "nixpkgs-lib": [
          "nur",
          "nixpkgs"
        ]
      },
      "locked": {
        "lastModified": 1733312601,
        "narHash": "sha256-4pDvzqnegAfRkPwO3wmwBhVi/Sye1mzps0zHWYnP88c=",
        "owner": "hercules-ci",
        "repo": "flake-parts",
        "rev": "205b12d8b7cd4802fbcb8e8ef6a0f1408781a4f9",
        "type": "github"
      },
      "original": {
        "owner": "hercules-ci",
        "repo": "flake-parts",
        "type": "github"
      }
    },
    "home-manager": {
      "inputs": {
        "nixpkgs": [
          "agenix",
          "nixpkgs"
        ]
      },
      "locked": {
        "lastModified": 1745494811,
        "narHash": "sha256-YZCh2o9Ua1n9uCvrvi5pRxtuVNml8X2a03qIFfRKpFs=",
        "owner": "nix-community",
        "repo": "home-manager",
        "rev": "abfad3d2958c9e6300a883bd443512c55dfeb1be",
        "type": "github"
      },
      "original": {
        "owner": "nix-community",
        "repo": "home-manager",
        "type": "github"
      }
    },
    "home-manager_2": {
      "inputs": {
        "nixpkgs": [
          "nixpkgs"
        ]
      },
      "locked": {
        "lastModified": 1764135300,
        "narHash": "sha256-5xOuutXM7UPTUcn3uDAD8UlPQsXmqPrX81cXoDOAGcA=",
        "owner": "nix-community",
        "repo": "home-manager",
        "rev": "f4cb25928fafa9ae68660fe71f730fc820a59028",
        "type": "github"
      },
      "original": {
        "owner": "nix-community",
        "repo": "home-manager",
        "type": "github"
      }
    },
    "homebrew-cask": {
      "flake": false,
      "locked": {
        "lastModified": 1764153950,
        "narHash": "sha256-MgahSQVntzd7ZI0WQrjowjg+YlXYGstQQe3k7zEoTZs=",
        "owner": "homebrew",
        "repo": "homebrew-cask",
        "rev": "2e61315e1e2d22c6c2696772d5435eaa862d2891",
        "type": "github"
      },
      "original": {
        "owner": "homebrew",
        "repo": "homebrew-cask",
        "type": "github"
      }
    },
    "homebrew-core": {
      "flake": false,
      "locked": {
        "lastModified": 1764159910,
        "narHash": "sha256-iazRxGD4wLkKRguj+1bKecscc6V9n+pi1yJLGrDWW3k=",
        "owner": "homebrew",
        "repo": "homebrew-core",
        "rev": "ee17f3e14f07231e40b59920ac86e45395f20150",
        "type": "github"
      },
      "original": {
        "owner": "homebrew",
        "repo": "homebrew-core",
        "type": "github"
      }
    },
    "nix-darwin": {
      "inputs": {
        "nixpkgs": [
          "nixpkgs"
        ]
      },
      "locked": {
        "lastModified": 1763505477,
        "narHash": "sha256-nJRd4LY2kT3OELfHqdgWjvToNZ4w+zKCMzS2R6z4sXE=",
        "owner": "lnl7",
        "repo": "nix-darwin",
        "rev": "3bda9f6b14161becbd07b3c56411f1670e19b9b5",
        "type": "github"
      },
      "original": {
        "owner": "lnl7",
        "ref": "master",
        "repo": "nix-darwin",
        "type": "github"
      }
    },
    "nix-homebrew": {
      "inputs": {
        "brew-src": "brew-src"
      },
      "locked": {
        "lastModified": 1761927470,
        "narHash": "sha256-KsFDGRGD8j1R6TvJ4HkebKsh3HXLY0XazanLrhO3wqE=",
        "owner": "zhaofengli",
        "repo": "nix-homebrew",
        "rev": "3cae36b3a17b09a66435291619dce8cf2c4728ca",
        "type": "github"
      },
      "original": {
        "owner": "zhaofengli",
        "repo": "nix-homebrew",
        "type": "github"
      }
    },
    "nixpkgs": {
      "locked": {
        "lastModified": 1763966396,
        "narHash": "sha256-6eeL1YPcY1MV3DDStIDIdy/zZCDKgHdkCmsrLJFiZf0=",
        "owner": "NixOS",
        "repo": "nixpkgs",
        "rev": "5ae3b07d8d6527c42f17c876e404993199144b6a",
        "type": "github"
      },
      "original": {
        "owner": "NixOS",
        "ref": "nixos-unstable",
        "repo": "nixpkgs",
        "type": "github"
      }
    },
    "nur": {
      "inputs": {
        "flake-parts": "flake-parts",
        "nixpkgs": [
          "nixpkgs"
        ]
      },
      "locked": {
        "lastModified": 1764160262,
        "narHash": "sha256-bzPTjHIfyaVUMKRCuX0k/A9zeMsU0bQin0ljq74619M=",
        "owner": "nix-community",
        "repo": "NUR",
        "rev": "d41cb685ef7b4bb2ec0765966d9c7bbb68a55960",
        "type": "github"
      },
      "original": {
        "owner": "nix-community",
        "repo": "NUR",
        "type": "github"
      }
    },
    "root": {
      "inputs": {
        "agenix": "agenix",
        "bore-scheduler-src": "bore-scheduler-src",
        "colorls-dracula-theme": "colorls-dracula-theme",
        "disko": "disko",
        "dracula-wallpaper": "dracula-wallpaper",
        "firefox-gnome-theme": "firefox-gnome-theme",
        "home-manager": "home-manager_2",
        "homebrew-cask": "homebrew-cask",
        "homebrew-core": "homebrew-core",
        "nix-darwin": "nix-darwin",
        "nix-homebrew": "nix-homebrew",
        "nixpkgs": "nixpkgs",
        "nur": "nur",
        "sublime-dracula-theme": "sublime-dracula-theme",
        "xcode-dracula-theme": "xcode-dracula-theme"
      }
    },
    "sublime-dracula-theme": {
      "flake": false,
      "locked": {
        "lastModified": 1750788141,
        "narHash": "sha256-7veVVrLPW3T7KkkelDmgPW5kp+b12naKSKwCXBgjL1k=",
        "owner": "dracula",
        "repo": "sublime",
        "rev": "d490b57c08f3d110ff61a07ec6edcc1ed9e24a63",
        "type": "github"
      },
      "original": {
        "owner": "dracula",
        "repo": "sublime",
        "type": "github"
      }
    },
    "systems": {
      "locked": {
        "lastModified": 1681028828,
        "narHash": "sha256-Vy1rq5AaRuLzOxct8nz4T6wlgyUR7zLU309k9mBC768=",
        "owner": "nix-systems",
        "repo": "default",
        "rev": "da67096a3b9bf56a91d16901293e51ba5b49a27e",
        "type": "github"
      },
      "original": {
        "owner": "nix-systems",
        "repo": "default",
        "type": "github"
      }
    },
    "xcode-dracula-theme": {
      "flake": false,
      "locked": {
        "lastModified": 1755802303,
        "narHash": "sha256-zxnGgDwKc9viAYCRUPYrLQRblDhCuOPLIMppJxf6vkA=",
        "owner": "dracula",
        "repo": "xcode",
        "rev": "fa045e9b1a47d348e8938ad6f14d3ee8a3b40788",
        "type": "github"
      },
      "original": {
        "owner": "dracula",
        "repo": "xcode",
        "type": "github"
      }
    }
  },
  "root": "root",
  "version": 7
}
